
Microsoft Visual Studio Solution File, Format Version 12.00
# Visual Studio Version 17
VisualStudioVersion = 17.0.32014.148
MinimumVisualStudioVersion = 10.0.40219.1
Project("{FAE04EC0-301F-11D3-BF4B-00C04F79EFBC}") = "Lab_1.1", "Lab_1.1\Lab_1.1.csproj", "{78CFDB34-67E6-48B4-BCBF-8A27C32FF5F2}"
EndProject
Project("{FAE04EC0-301F-11D3-BF4B-00C04F79EFBC}") = "Lab_1.2_1.3", "Lab_1.2_1.3\Lab_1.2_1.3.csproj", "{3B4D2F46-DEE9-461E-839C-FD5C791D4592}"
EndProject
Project("{FAE04EC0-301F-11D3-BF4B-00C04F79EFBC}") = "Lab_1.4_MdiApplication", "Lab_1.4_MdiApplication\Lab_1.4_MdiApplication.csproj", "{56807456-BB0F-4EE3-B97B-CF62D0486F79}"
EndProject
Project("{FAE04EC0-301F-11D3-BF4B-00C04F79EFBC}") = "Lab_1.5.1", "Lab_1.5.1\Lab_1.5.1.csproj", "{F5BCC988-AA89-4456-97AC-456AEF3E446F}"
EndProject
Project("{FAE04EC0-301F-11D3-BF4B-00C04F79EFBC}") = "Lab_1.5.2", "Lab_1.5.2\Lab_1.5.2.csproj", "{E653D21F-03FA-4B14-ACEC-BBF003F55455}"
EndProject
Project("{FAE04EC0-301F-11D3-BF4B-00C04F79EFBC}") = "Lab_2.1", "Lab_2.1\Lab_2.1.csproj", "{B158C6A2-9D16-4C04-92D2-25258B95F7A5}"
EndProject
Project("{FAE04EC0-301F-11D3-BF4B-00C04F79EFBC}") = "Lab_2.2", "Lab_2.2\Lab_2.2.csproj", "{44FBA910-C9AC-4D45-96C8-B4B48F233154}"
EndProject
Project("{FAE04EC0-301F-11D3-BF4B-00C04F79EFBC}") = "Lab_2.3_2.4", "Lab_2.3_2.4\Lab_2.3_2.4.csproj", "{6AF10365-8F61-4FAD-82AF-4EDE6B17560F}"
EndProject
Project("{FAE04EC0-301F-11D3-BF4B-00C04F79EFBC}") = "Lab_2.5", "Lab_2.5\Lab_2.5.csproj", "{59F72C99-E831-4572-8A7B-EC009921BE5A}"
EndProject
Global
	GlobalSection(SolutionConfigurationPlatforms) = preSolution
		Debug|Any CPU = Debug|Any CPU
		Release|Any CPU = Release|Any CPU
	EndGlobalSection
	GlobalSection(ProjectConfigurationPlatforms) = postSolution
		{78CFDB34-67E6-48B4-BCBF-8A27C32FF5F2}.Debug|Any CPU.ActiveCfg = Debug|Any CPU
		{78CFDB34-67E6-48B4-BCBF-8A27C32FF5F2}.Debug|Any CPU.Build.0 = Debug|Any CPU
		{78CFDB34-67E6-48B4-BCBF-8A27C32FF5F2}.Release|Any CPU.ActiveCfg = Release|Any CPU
		{78CFDB34-67E6-48B4-BCBF-8A27C32FF5F2}.Release|Any CPU.Build.0 = Release|Any CPU
		{3B4D2F46-DEE9-461E-839C-FD5C791D4592}.Debug|Any CPU.ActiveCfg = Debug|Any CPU
		{3B4D2F46-DEE9-461E-839C-FD5C791D4592}.Debug|Any CPU.Build.0 = Debug|Any CPU
		{3B4D2F46-DEE9-461E-839C-FD5C791D4592}.Release|Any CPU.ActiveCfg = Release|Any CPU
		{3B4D2F46-DEE9-461E-839C-FD5C791D4592}.Release|Any CPU.Build.0 = Release|Any CPU
		{56807456-BB0F-4EE3-B97B-CF62D0486F79}.Debug|Any CPU.ActiveCfg = Debug|Any CPU
		{56807456-BB0F-4EE3-B97B-CF62D0486F79}.Debug|Any CPU.Build.0 = Debug|Any CPU
		{56807456-BB0F-4EE3-B97B-CF62D0486F79}.Release|Any CPU.ActiveCfg = Release|Any CPU
		{56807456-BB0F-4EE3-B97B-CF62D0486F79}.Release|Any CPU.Build.0 = Release|Any CPU
		{F5BCC988-AA89-4456-97AC-456AEF3E446F}.Debug|Any CPU.ActiveCfg = Debug|Any CPU
		{F5BCC988-AA89-4456-97AC-456AEF3E446F}.Debug|Any CPU.Build.0 = Debug|Any CPU
		{F5BCC988-AA89-4456-97AC-456AEF3E446F}.Release|Any CPU.ActiveCfg = Release|Any CPU
		{F5BCC988-AA89-4456-97AC-456AEF3E446F}.Release|Any CPU.Build.0 = Release|Any CPU
		{E653D21F-03FA-4B14-ACEC-BBF003F55455}.Debug|Any CPU.ActiveCfg = Debug|Any CPU
		{E653D21F-03FA-4B14-ACEC-BBF003F55455}.Debug|Any CPU.Build.0 = Debug|Any CPU
		{E653D21F-03FA-4B14-ACEC-BBF003F55455}.Release|Any CPU.ActiveCfg = Release|Any CPU
		{E653D21F-03FA-4B14-ACEC-BBF003F55455}.Release|Any CPU.Build.0 = Release|Any CPU
		{B158C6A2-9D16-4C04-92D2-25258B95F7A5}.Debug|Any CPU.ActiveCfg = Debug|Any CPU
		{B158C6A2-9D16-4C04-92D2-25258B95F7A5}.Debug|Any CPU.Build.0 = Debug|Any CPU
		{B158C6A2-9D16-4C04-92D2-25258B95F7A5}.Release|Any CPU.ActiveCfg = Release|Any CPU
		{B158C6A2-9D16-4C04-92D2-25258B95F7A5}.Release|Any CPU.Build.0 = Release|Any CPU
		{44FBA910-C9AC-4D45-96C8-B4B48F233154}.Debug|Any CPU.ActiveCfg = Debug|Any CPU
		{44FBA910-C9AC-4D45-96C8-B4B48F233154}.Debug|Any CPU.Build.0 = Debug|Any CPU
		{44FBA910-C9AC-4D45-96C8-B4B48F233154}.Release|Any CPU.ActiveCfg = Release|Any CPU
		{44FBA910-C9AC-4D45-96C8-B4B48F233154}.Release|Any CPU.Build.0 = Release|Any CPU
		{6AF10365-8F61-4FAD-82AF-4EDE6B17560F}.Debug|Any CPU.ActiveCfg = Debug|Any CPU
		{6AF10365-8F61-4FAD-82AF-4EDE6B17560F}.Debug|Any CPU.Build.0 = Debug|Any CPU
		{6AF10365-8F61-4FAD-82AF-4EDE6B17560F}.Release|Any CPU.ActiveCfg = Release|Any CPU
		{6AF10365-8F61-4FAD-82AF-4EDE6B17560F}.Release|Any CPU.Build.0 = Release|Any CPU
		{59F72C99-E831-4572-8A7B-EC009921BE5A}.Debug|Any CPU.ActiveCfg = Debug|Any CPU
		{59F72C99-E831-4572-8A7B-EC009921BE5A}.Debug|Any CPU.Build.0 = Debug|Any CPU
		{59F72C99-E831-4572-8A7B-EC009921BE5A}.Release|Any CPU.ActiveCfg = Release|Any CPU
		{59F72C99-E831-4572-8A7B-EC009921BE5A}.Release|Any CPU.Build.0 = Release|Any CPU
	EndGlobalSection
	GlobalSection(SolutionProperties) = preSolution
		HideSolutionNode = FALSE
	EndGlobalSection
	GlobalSection(ExtensibilityGlobals) = postSolution
		SolutionGuid = {5D142EB5-E67C-4536-847E-84FBA51F1F2D}
	EndGlobalSection
EndGlobal
